
Microsoft Visual Studio Solution File, Format Version 12.00
# Visual Studio 15
VisualStudioVersion = 15.0.28307.779
MinimumVisualStudioVersion = 10.0.40219.1
Project("{FAE04EC0-301F-11D3-BF4B-00C04F79EFBC}") = "Image en-deripter", "Image en-deripter\Image en-deripter.csproj", "{7D221E88-BEE2-4713-A9B9-A6B0E24B4FAA}"
EndProject
Global
	GlobalSection(SolutionConfigurationPlatforms) = preSolution
		Debug|Any CPU = Debug|Any CPU
		Release|Any CPU = Release|Any CPU
	EndGlobalSection
	GlobalSection(ProjectConfigurationPlatforms) = postSolution
		{7D221E88-BEE2-4713-A9B9-A6B0E24B4FAA}.Debug|Any CPU.ActiveCfg = Debug|Any CPU
		{7D221E88-BEE2-4713-A9B9-A6B0E24B4FAA}.Debug|Any CPU.Build.0 = Debug|Any CPU
		{7D221E88-BEE2-4713-A9B9-A6B0E24B4FAA}.Release|Any CPU.ActiveCfg = Release|Any CPU
		{7D221E88-BEE2-4713-A9B9-A6B0E24B4FAA}.Release|Any CPU.Build.0 = Release|Any CPU
	EndGlobalSection
	GlobalSection(SolutionProperties) = preSolution
		HideSolutionNode = FALSE
	EndGlobalSection
	GlobalSection(ExtensibilityGlobals) = postSolution
		SolutionGuid = {2D79314F-47E5-4519-A1C0-8CE4476D8051}
	EndGlobalSection
EndGlobal
